
Microsoft Visual Studio Solution File, Format Version 12.00
# Visual Studio Version 16
VisualStudioVersion = 16.0.30204.135
MinimumVisualStudioVersion = 10.0.40219.1
Project("{FAE04EC0-301F-11D3-BF4B-00C04F79EFBC}") = "Ex5_PHASE1", "Ex5_PHASE1\Ex5_PHASE1.csproj", "{ED425B78-96AB-4510-B7A1-3815F304705E}"
EndProject
Global
	GlobalSection(SolutionConfigurationPlatforms) = preSolution
		Debug|Any CPU = Debug|Any CPU
		Release|Any CPU = Release|Any CPU
	EndGlobalSection
	GlobalSection(ProjectConfigurationPlatforms) = postSolution
		{ED425B78-96AB-4510-B7A1-3815F304705E}.Debug|Any CPU.ActiveCfg = Debug|Any CPU
		{ED425B78-96AB-4510-B7A1-3815F304705E}.Debug|Any CPU.Build.0 = Debug|Any CPU
		{ED425B78-96AB-4510-B7A1-3815F304705E}.Release|Any CPU.ActiveCfg = Release|Any CPU
		{ED425B78-96AB-4510-B7A1-3815F304705E}.Release|Any CPU.Build.0 = Release|Any CPU
	EndGlobalSection
	GlobalSection(SolutionProperties) = preSolution
		HideSolutionNode = FALSE
	EndGlobalSection
	GlobalSection(ExtensibilityGlobals) = postSolution
		SolutionGuid = {AD739C71-1E37-4E3F-B980-53B0AFADA5F9}
	EndGlobalSection
EndGlobal
